
Microsoft Visual Studio Solution File, Format Version 12.00
# Visual Studio Version 16
VisualStudioVersion = 16.0.30114.105
MinimumVisualStudioVersion = 10.0.40219.1
Project("{FAE04EC0-301F-11D3-BF4B-00C04F79EFBC}") = "API", "API\API.csproj", "{4E8F2C77-C155-437D-B18D-BC5EEB34586D}"
EndProject
Project("{FAE04EC0-301F-11D3-BF4B-00C04F79EFBC}") = "Application", "Application\Application.csproj", "{C17EA0CF-54B8-4478-B279-AF25C6AA502A}"
EndProject
Project("{FAE04EC0-301F-11D3-BF4B-00C04F79EFBC}") = "Persistence", "Persistence\Persistence.csproj", "{FC7B8FFD-FB9B-43D1-A805-F255F328B43F}"
EndProject
Project("{FAE04EC0-301F-11D3-BF4B-00C04F79EFBC}") = "Domain", "Domain\Domain.csproj", "{93666CE7-00EE-4FCC-AB81-CBD05150196E}"
EndProject
Project("{FAE04EC0-301F-11D3-BF4B-00C04F79EFBC}") = "Infrastructure", "Infrastructure\Infrastructure.csproj", "{A6D34077-CC45-42F4-B7A2-F2BB3EFB892C}"
EndProject
Global
	GlobalSection(SolutionConfigurationPlatforms) = preSolution
		Debug|Any CPU = Debug|Any CPU
		Release|Any CPU = Release|Any CPU
	EndGlobalSection
	GlobalSection(SolutionProperties) = preSolution
		HideSolutionNode = FALSE
	EndGlobalSection
	GlobalSection(ProjectConfigurationPlatforms) = postSolution
		{4E8F2C77-C155-437D-B18D-BC5EEB34586D}.Debug|Any CPU.ActiveCfg = Debug|Any CPU
		{4E8F2C77-C155-437D-B18D-BC5EEB34586D}.Debug|Any CPU.Build.0 = Debug|Any CPU
		{4E8F2C77-C155-437D-B18D-BC5EEB34586D}.Release|Any CPU.ActiveCfg = Release|Any CPU
		{4E8F2C77-C155-437D-B18D-BC5EEB34586D}.Release|Any CPU.Build.0 = Release|Any CPU
		{C17EA0CF-54B8-4478-B279-AF25C6AA502A}.Debug|Any CPU.ActiveCfg = Debug|Any CPU
		{C17EA0CF-54B8-4478-B279-AF25C6AA502A}.Debug|Any CPU.Build.0 = Debug|Any CPU
		{C17EA0CF-54B8-4478-B279-AF25C6AA502A}.Release|Any CPU.ActiveCfg = Release|Any CPU
		{C17EA0CF-54B8-4478-B279-AF25C6AA502A}.Release|Any CPU.Build.0 = Release|Any CPU
		{FC7B8FFD-FB9B-43D1-A805-F255F328B43F}.Debug|Any CPU.ActiveCfg = Debug|Any CPU
		{FC7B8FFD-FB9B-43D1-A805-F255F328B43F}.Debug|Any CPU.Build.0 = Debug|Any CPU
		{FC7B8FFD-FB9B-43D1-A805-F255F328B43F}.Release|Any CPU.ActiveCfg = Release|Any CPU
		{FC7B8FFD-FB9B-43D1-A805-F255F328B43F}.Release|Any CPU.Build.0 = Release|Any CPU
		{93666CE7-00EE-4FCC-AB81-CBD05150196E}.Debug|Any CPU.ActiveCfg = Debug|Any CPU
		{93666CE7-00EE-4FCC-AB81-CBD05150196E}.Debug|Any CPU.Build.0 = Debug|Any CPU
		{93666CE7-00EE-4FCC-AB81-CBD05150196E}.Release|Any CPU.ActiveCfg = Release|Any CPU
		{93666CE7-00EE-4FCC-AB81-CBD05150196E}.Release|Any CPU.Build.0 = Release|Any CPU
		{A6D34077-CC45-42F4-B7A2-F2BB3EFB892C}.Debug|Any CPU.ActiveCfg = Debug|Any CPU
		{A6D34077-CC45-42F4-B7A2-F2BB3EFB892C}.Debug|Any CPU.Build.0 = Debug|Any CPU
		{A6D34077-CC45-42F4-B7A2-F2BB3EFB892C}.Release|Any CPU.ActiveCfg = Release|Any CPU
		{A6D34077-CC45-42F4-B7A2-F2BB3EFB892C}.Release|Any CPU.Build.0 = Release|Any CPU
	EndGlobalSection
EndGlobal
